
Microsoft Visual Studio Solution File, Format Version 12.00
# Visual Studio Version 17
VisualStudioVersion = 17.0.31903.59
MinimumVisualStudioVersion = 10.0.40219.1
Project("{FAE04EC0-301F-11D3-BF4B-00C04F79EFBC}") = "ControllerTest", "ControllerTest\ControllerTest.csproj", "{4F264705-62C3-40A8-8758-BBBC4AB1DF32}"
EndProject
Project("{FAE04EC0-301F-11D3-BF4B-00C04F79EFBC}") = "TestService", "ServiceTest\TestService.csproj", "{F266D53A-0F6E-4311-90A1-6C399B433CF8}"
EndProject
Global
	GlobalSection(SolutionConfigurationPlatforms) = preSolution
		Debug|Any CPU = Debug|Any CPU
		Release|Any CPU = Release|Any CPU
	EndGlobalSection
	GlobalSection(SolutionProperties) = preSolution
		HideSolutionNode = FALSE
	EndGlobalSection
	GlobalSection(ProjectConfigurationPlatforms) = postSolution
		{4F264705-62C3-40A8-8758-BBBC4AB1DF32}.Debug|Any CPU.ActiveCfg = Debug|Any CPU
		{4F264705-62C3-40A8-8758-BBBC4AB1DF32}.Debug|Any CPU.Build.0 = Debug|Any CPU
		{4F264705-62C3-40A8-8758-BBBC4AB1DF32}.Release|Any CPU.ActiveCfg = Release|Any CPU
		{4F264705-62C3-40A8-8758-BBBC4AB1DF32}.Release|Any CPU.Build.0 = Release|Any CPU
		{F266D53A-0F6E-4311-90A1-6C399B433CF8}.Debug|Any CPU.ActiveCfg = Debug|Any CPU
		{F266D53A-0F6E-4311-90A1-6C399B433CF8}.Debug|Any CPU.Build.0 = Debug|Any CPU
		{F266D53A-0F6E-4311-90A1-6C399B433CF8}.Release|Any CPU.ActiveCfg = Release|Any CPU
		{F266D53A-0F6E-4311-90A1-6C399B433CF8}.Release|Any CPU.Build.0 = Release|Any CPU
	EndGlobalSection
EndGlobal
