
Microsoft Visual Studio Solution File, Format Version 12.00
# Visual Studio Version 17
VisualStudioVersion = 17.0.31903.59
MinimumVisualStudioVersion = 10.0.40219.1
Project("{9A19103F-16F7-4668-BE54-9A1E7A4F7556}") = "Dnserver", "DnsServer\Dnserver.csproj", "{32EE6546-B03B-44CF-828E-36083F3137AC}"
EndProject
Project("{9A19103F-16F7-4668-BE54-9A1E7A4F7556}") = "Dnsclient", "DnsClient\Dnsclient.csproj", "{C9B66917-DE25-48F4-9176-2A653895977D}"
EndProject
Project("{FAE04EC0-301F-11D3-BF4B-00C04F79EFBC}") = "DnsTest", "DnsTest\DnsTest.csproj", "{75EABD19-E22E-40AF-B56E-179940A9CD36}"
EndProject
Global
	GlobalSection(SolutionConfigurationPlatforms) = preSolution
		Debug|Any CPU = Debug|Any CPU
		Release|Any CPU = Release|Any CPU
	EndGlobalSection
	GlobalSection(ProjectConfigurationPlatforms) = postSolution
		{32EE6546-B03B-44CF-828E-36083F3137AC}.Debug|Any CPU.ActiveCfg = Debug|Any CPU
		{32EE6546-B03B-44CF-828E-36083F3137AC}.Debug|Any CPU.Build.0 = Debug|Any CPU
		{32EE6546-B03B-44CF-828E-36083F3137AC}.Release|Any CPU.ActiveCfg = Release|Any CPU
		{32EE6546-B03B-44CF-828E-36083F3137AC}.Release|Any CPU.Build.0 = Release|Any CPU
		{C9B66917-DE25-48F4-9176-2A653895977D}.Debug|Any CPU.ActiveCfg = Debug|Any CPU
		{C9B66917-DE25-48F4-9176-2A653895977D}.Debug|Any CPU.Build.0 = Debug|Any CPU
		{C9B66917-DE25-48F4-9176-2A653895977D}.Release|Any CPU.ActiveCfg = Release|Any CPU
		{C9B66917-DE25-48F4-9176-2A653895977D}.Release|Any CPU.Build.0 = Release|Any CPU
		{75EABD19-E22E-40AF-B56E-179940A9CD36}.Debug|Any CPU.ActiveCfg = Debug|Any CPU
		{75EABD19-E22E-40AF-B56E-179940A9CD36}.Debug|Any CPU.Build.0 = Debug|Any CPU
		{75EABD19-E22E-40AF-B56E-179940A9CD36}.Release|Any CPU.ActiveCfg = Release|Any CPU
		{75EABD19-E22E-40AF-B56E-179940A9CD36}.Release|Any CPU.Build.0 = Release|Any CPU
	EndGlobalSection
	GlobalSection(SolutionProperties) = preSolution
		HideSolutionNode = FALSE
	EndGlobalSection
	GlobalSection(ExtensibilityGlobals) = postSolution
		SolutionGuid = {AC5AECC0-A412-4E1B-A7F5-A7CA3AE4E007}
	EndGlobalSection
EndGlobal
