
Microsoft Visual Studio Solution File, Format Version 12.00
# Visual Studio Version 17
VisualStudioVersion = 17.0.31903.59
MinimumVisualStudioVersion = 10.0.40219.1
Project("{9A19103F-16F7-4668-BE54-9A1E7A4F7556}") = "InheritAnalyzer", "InheritAnalyzer\InheritAnalyzer.csproj", "{0B446ED2-1409-4FDA-99D8-F164836EFDAB}"
EndProject
Project("{9A19103F-16F7-4668-BE54-9A1E7A4F7556}") = "InheritCore", "InheritCore\InheritCore.csproj", "{7D3B5318-8B40-41BA-B45D-6053D813A9DC}"
EndProject
Project("{9A19103F-16F7-4668-BE54-9A1E7A4F7556}") = "ServiceAnalyzer", "ServiceAnalyzer\ServiceAnalyzer.csproj", "{605310D6-62C1-4E2A-8370-53B76F192E22}"
EndProject
Project("{9A19103F-16F7-4668-BE54-9A1E7A4F7556}") = "ControllerAnalyzer", "ControllerAnalyzer\ControllerAnalyzer.csproj", "{2A6CD7C9-0B73-47E9-80D3-3CB1B8438007}"
EndProject
Project("{2150E333-8FDC-42A3-9474-1A3956D46DE8}") = "Solution Items", "Solution Items", "{A0E75E3F-C4C7-49EC-A503-D3D2743CEF33}"
EndProject
Project("{9A19103F-16F7-4668-BE54-9A1E7A4F7556}") = "ServiceAnalyzer.Test", "ServiceAnalyzer.Test\ServiceAnalyzer.Test.csproj", "{1C3601FE-87EF-4B86-9B35-C8C3D08AB87A}"
EndProject
Project("{9A19103F-16F7-4668-BE54-9A1E7A4F7556}") = "ServiceAnalyzer.Package", "ServiceAnalyzer.Package\ServiceAnalyzer.Package.csproj", "{8EE098F5-91EA-4EA4-B2FF-DDA6140F225B}"
EndProject
Project("{9A19103F-16F7-4668-BE54-9A1E7A4F7556}") = "ControllerAnalyzer.Package", "ControllerAnalyzer.Package\ControllerAnalyzer.Package.csproj", "{00945B4C-2187-4BD1-86CA-7A05114337B1}"
EndProject
Project("{FAE04EC0-301F-11D3-BF4B-00C04F79EFBC}") = "InheritAnalyzerTest", "InheritAnalyzerTest\InheritAnalyzerTest.csproj", "{8AE613E3-52DC-480F-9AF3-072DA91E8A01}"
EndProject
Global
	GlobalSection(SolutionConfigurationPlatforms) = preSolution
		Debug|Any CPU = Debug|Any CPU
		Release|Any CPU = Release|Any CPU
	EndGlobalSection
	GlobalSection(ProjectConfigurationPlatforms) = postSolution
		{0B446ED2-1409-4FDA-99D8-F164836EFDAB}.Debug|Any CPU.ActiveCfg = Debug|Any CPU
		{0B446ED2-1409-4FDA-99D8-F164836EFDAB}.Debug|Any CPU.Build.0 = Debug|Any CPU
		{0B446ED2-1409-4FDA-99D8-F164836EFDAB}.Release|Any CPU.ActiveCfg = Release|Any CPU
		{0B446ED2-1409-4FDA-99D8-F164836EFDAB}.Release|Any CPU.Build.0 = Release|Any CPU
		{7D3B5318-8B40-41BA-B45D-6053D813A9DC}.Debug|Any CPU.ActiveCfg = Debug|Any CPU
		{7D3B5318-8B40-41BA-B45D-6053D813A9DC}.Debug|Any CPU.Build.0 = Debug|Any CPU
		{7D3B5318-8B40-41BA-B45D-6053D813A9DC}.Release|Any CPU.ActiveCfg = Release|Any CPU
		{7D3B5318-8B40-41BA-B45D-6053D813A9DC}.Release|Any CPU.Build.0 = Release|Any CPU
		{605310D6-62C1-4E2A-8370-53B76F192E22}.Debug|Any CPU.ActiveCfg = Debug|Any CPU
		{605310D6-62C1-4E2A-8370-53B76F192E22}.Debug|Any CPU.Build.0 = Debug|Any CPU
		{605310D6-62C1-4E2A-8370-53B76F192E22}.Release|Any CPU.ActiveCfg = Release|Any CPU
		{605310D6-62C1-4E2A-8370-53B76F192E22}.Release|Any CPU.Build.0 = Release|Any CPU
		{2A6CD7C9-0B73-47E9-80D3-3CB1B8438007}.Debug|Any CPU.ActiveCfg = Debug|Any CPU
		{2A6CD7C9-0B73-47E9-80D3-3CB1B8438007}.Debug|Any CPU.Build.0 = Debug|Any CPU
		{2A6CD7C9-0B73-47E9-80D3-3CB1B8438007}.Release|Any CPU.ActiveCfg = Release|Any CPU
		{2A6CD7C9-0B73-47E9-80D3-3CB1B8438007}.Release|Any CPU.Build.0 = Release|Any CPU
		{1C3601FE-87EF-4B86-9B35-C8C3D08AB87A}.Debug|Any CPU.ActiveCfg = Debug|Any CPU
		{1C3601FE-87EF-4B86-9B35-C8C3D08AB87A}.Debug|Any CPU.Build.0 = Debug|Any CPU
		{1C3601FE-87EF-4B86-9B35-C8C3D08AB87A}.Release|Any CPU.ActiveCfg = Release|Any CPU
		{1C3601FE-87EF-4B86-9B35-C8C3D08AB87A}.Release|Any CPU.Build.0 = Release|Any CPU
		{8EE098F5-91EA-4EA4-B2FF-DDA6140F225B}.Debug|Any CPU.ActiveCfg = Debug|Any CPU
		{8EE098F5-91EA-4EA4-B2FF-DDA6140F225B}.Debug|Any CPU.Build.0 = Debug|Any CPU
		{8EE098F5-91EA-4EA4-B2FF-DDA6140F225B}.Release|Any CPU.ActiveCfg = Release|Any CPU
		{8EE098F5-91EA-4EA4-B2FF-DDA6140F225B}.Release|Any CPU.Build.0 = Release|Any CPU
		{00945B4C-2187-4BD1-86CA-7A05114337B1}.Debug|Any CPU.ActiveCfg = Debug|Any CPU
		{00945B4C-2187-4BD1-86CA-7A05114337B1}.Debug|Any CPU.Build.0 = Debug|Any CPU
		{00945B4C-2187-4BD1-86CA-7A05114337B1}.Release|Any CPU.ActiveCfg = Release|Any CPU
		{00945B4C-2187-4BD1-86CA-7A05114337B1}.Release|Any CPU.Build.0 = Release|Any CPU
		{8AE613E3-52DC-480F-9AF3-072DA91E8A01}.Debug|Any CPU.ActiveCfg = Debug|Any CPU
		{8AE613E3-52DC-480F-9AF3-072DA91E8A01}.Debug|Any CPU.Build.0 = Debug|Any CPU
		{8AE613E3-52DC-480F-9AF3-072DA91E8A01}.Release|Any CPU.ActiveCfg = Release|Any CPU
		{8AE613E3-52DC-480F-9AF3-072DA91E8A01}.Release|Any CPU.Build.0 = Release|Any CPU
	EndGlobalSection
	GlobalSection(SolutionProperties) = preSolution
		HideSolutionNode = FALSE
	EndGlobalSection
	GlobalSection(ExtensibilityGlobals) = postSolution
		SolutionGuid = {788B5169-64B6-4DD0-B9A3-CB9D07C598D4}
	EndGlobalSection
EndGlobal
