
Microsoft Visual Studio Solution File, Format Version 12.00
# Visual Studio Version 17
VisualStudioVersion = 17.0.31903.59
MinimumVisualStudioVersion = 10.0.40219.1
Project("{FAE04EC0-301F-11D3-BF4B-00C04F79EFBC}") = "AnalyzerUtility", "AnalyzerUtility\AnalyzerUtility.csproj", "{781B3C1B-5F1A-47ED-BBF6-F1FCE02737C5}"
EndProject
Global
	GlobalSection(SolutionConfigurationPlatforms) = preSolution
		Debug|Any CPU = Debug|Any CPU
		Release|Any CPU = Release|Any CPU
	EndGlobalSection
	GlobalSection(ProjectConfigurationPlatforms) = postSolution
		{781B3C1B-5F1A-47ED-BBF6-F1FCE02737C5}.Debug|Any CPU.ActiveCfg = Debug|Any CPU
		{781B3C1B-5F1A-47ED-BBF6-F1FCE02737C5}.Debug|Any CPU.Build.0 = Debug|Any CPU
		{781B3C1B-5F1A-47ED-BBF6-F1FCE02737C5}.Release|Any CPU.ActiveCfg = Release|Any CPU
		{781B3C1B-5F1A-47ED-BBF6-F1FCE02737C5}.Release|Any CPU.Build.0 = Release|Any CPU
	EndGlobalSection
	GlobalSection(SolutionProperties) = preSolution
		HideSolutionNode = FALSE
	EndGlobalSection
	GlobalSection(ExtensibilityGlobals) = postSolution
		SolutionGuid = {7CA46F4B-A19B-45CF-8326-FB530EF4D1C8}
	EndGlobalSection
EndGlobal
